// !$*UTF8*$!
{
	archiveVersion = 1;
	classes = {
	};
	objectVersion = 46;
	objects = {

/* Begin PBXBuildFile section */
		B86E18FB1CC1EB0A00A21316 /* AppDelegate.swift in Sources */ = {isa = PBXBuildFile; fileRef = B86E18FA1CC1EB0A00A21316 /* AppDelegate.swift */; };
		B86E18FD1CC1EB0A00A21316 /* ViewController.swift in Sources */ = {isa = PBXBuildFile; fileRef = B86E18FC1CC1EB0A00A21316 /* ViewController.swift */; };
		B86E19001CC1EB0A00A21316 /* Main.storyboard in Resources */ = {isa = PBXBuildFile; fileRef = B86E18FE1CC1EB0A00A21316 /* Main.storyboard */; };
		B86E19021CC1EB0A00A21316 /* Assets.xcassets in Resources */ = {isa = PBXBuildFile; fileRef = B86E19011CC1EB0A00A21316 /* Assets.xcassets */; };
		B86E19051CC1EB0A00A21316 /* LaunchScreen.storyboard in Resources */ = {isa = PBXBuildFile; fileRef = B86E19031CC1EB0A00A21316 /* LaunchScreen.storyboard */; };
		B86E19101CC1EB0A00A21316 /* _CfruitTests.swift in Sources */ = {isa = PBXBuildFile; fileRef = B86E190F1CC1EB0A00A21316 /* _CfruitTests.swift */; };
		B86E191B1CC1EB0A00A21316 /* _CfruitUITests.swift in Sources */ = {isa = PBXBuildFile; fileRef = B86E191A1CC1EB0A00A21316 /* _CfruitUITests.swift */; };
/* End PBXBuildFile section */

/* Begin PBXContainerItemProxy section */
		B86E190C1CC1EB0A00A21316 /* PBXContainerItemProxy */ = {
			isa = PBXContainerItemProxy;
			containerPortal = B86E18EF1CC1EB0A00A21316 /* Project object */;
			proxyType = 1;
			remoteGlobalIDString = B86E18F61CC1EB0A00A21316;
			remoteInfo = 5Cfruit;
		};
		B86E19171CC1EB0A00A21316 /* PBXContainerItemProxy */ = {
			isa = PBXContainerItemProxy;
			containerPortal = B86E18EF1CC1EB0A00A21316 /* Project object */;
			proxyType = 1;
			remoteGlobalIDString = B86E18F61CC1EB0A00A21316;
			remoteInfo = 5Cfruit;
		};
/* End PBXContainerItemProxy section */

/* Begin PBXFileReference section */
		B86E18F71CC1EB0A00A21316 /* 5Cfruit.app */ = {isa = PBXFileReference; explicitFileType = wrapper.application; includeInIndex = 0; path = 5Cfruit.app; sourceTree = BUILT_PRODUCTS_DIR; };
		B86E18FA1CC1EB0A00A21316 /* AppDelegate.swift */ = {isa = PBXFileReference; lastKnownFileType = sourcecode.swift; path = AppDelegate.swift; sourceTree = "<group>"; };
		B86E18FC1CC1EB0A00A21316 /* ViewController.swift */ = {isa = PBXFileReference; lastKnownFileType = sourcecode.swift; path = ViewController.swift; sourceTree = "<group>"; };
		B86E18FF1CC1EB0A00A21316 /* Base */ = {isa = PBXFileReference; lastKnownFileType = file.storyboard; name = Base; path = Base.lproj/Main.storyboard; sourceTree = "<group>"; };
		B86E19011CC1EB0A00A21316 /* Assets.xcassets */ = {isa = PBXFileReference; lastKnownFileType = folder.assetcatalog; path = Assets.xcassets; sourceTree = "<group>"; };
		B86E19041CC1EB0A00A21316 /* Base */ = {isa = PBXFileReference; lastKnownFileType = file.storyboard; name = Base; path = Base.lproj/LaunchScreen.storyboard; sourceTree = "<group>"; };
		B86E19061CC1EB0A00A21316 /* Info.plist */ = {isa = PBXFileReference; lastKnownFileType = text.plist.xml; path = Info.plist; sourceTree = "<group>"; };
		B86E190B1CC1EB0A00A21316 /* 5CfruitTests.xctest */ = {isa = PBXFileReference; explicitFileType = wrapper.cfbundle; includeInIndex = 0; path = 5CfruitTests.xctest; sourceTree = BUILT_PRODUCTS_DIR; };
		B86E190F1CC1EB0A00A21316 /* _CfruitTests.swift */ = {isa = PBXFileReference; lastKnownFileType = sourcecode.swift; path = _CfruitTests.swift; sourceTree = "<group>"; };
		B86E19111CC1EB0A00A21316 /* Info.plist */ = {isa = PBXFileReference; lastKnownFileType = text.plist.xml; path = Info.plist; sourceTree = "<group>"; };
		B86E19161CC1EB0A00A21316 /* 5CfruitUITests.xctest */ = {isa = PBXFileReference; explicitFileType = wrapper.cfbundle; includeInIndex = 0; path = 5CfruitUITests.xctest; sourceTree = BUILT_PRODUCTS_DIR; };
		B86E191A1CC1EB0A00A21316 /* _CfruitUITests.swift */ = {isa = PBXFileReference; lastKnownFileType = sourcecode.swift; path = _CfruitUITests.swift; sourceTree = "<group>"; };
		B86E191C1CC1EB0A00A21316 /* Info.plist */ = {isa = PBXFileReference; lastKnownFileType = text.plist.xml; path = Info.plist; sourceTree = "<group>"; };
/* End PBXFileReference section */

/* Begin PBXFrameworksBuildPhase section */
		B86E18F41CC1EB0A00A21316 /* Frameworks */ = {
			isa = PBXFrameworksBuildPhase;
			buildActionMask = 2147483647;
			files = (
			);
			runOnlyForDeploymentPostprocessing = 0;
		};
		B86E19081CC1EB0A00A21316 /* Frameworks */ = {
			isa = PBXFrameworksBuildPhase;
			buildActionMask = 2147483647;
			files = (
			);
			runOnlyForDeploymentPostprocessing = 0;
		};
		B86E19131CC1EB0A00A21316 /* Frameworks */ = {
			isa = PBXFrameworksBuildPhase;
			buildActionMask = 2147483647;
			files = (
			);
			runOnlyForDeploymentPostprocessing = 0;
		};
/* End PBXFrameworksBuildPhase section */

/* Begin PBXGroup section */
		B86E18EE1CC1EB0A00A21316 = {
			isa = PBXGroup;
			children = (
				B86E18F91CC1EB0A00A21316 /* 5Cfruit */,
				B86E190E1CC1EB0A00A21316 /* 5CfruitTests */,
				B86E19191CC1EB0A00A21316 /* 5CfruitUITests */,
				B86E18F81CC1EB0A00A21316 /* Products */,
			);
			sourceTree = "<group>";
		};
		B86E18F81CC1EB0A00A21316 /* Products */ = {
			isa = PBXGroup;
			children = (
				B86E18F71CC1EB0A00A21316 /* 5Cfruit.app */,
				B86E190B1CC1EB0A00A21316 /* 5CfruitTests.xctest */,
				B86E19161CC1EB0A00A21316 /* 5CfruitUITests.xctest */,
			);
			name = Products;
			sourceTree = "<group>";
		};
		B86E18F91CC1EB0A00A21316 /* 5Cfruit */ = {
			isa = PBXGroup;
			children = (
				B86E18FA1CC1EB0A00A21316 /* AppDelegate.swift */,
				B86E18FC1CC1EB0A00A21316 /* ViewController.swift */,
				B86E18FE1CC1EB0A00A21316 /* Main.storyboard */,
				B86E19011CC1EB0A00A21316 /* Assets.xcassets */,
				B86E19031CC1EB0A00A21316 /* LaunchScreen.storyboard */,
				B86E19061CC1EB0A00A21316 /* Info.plist */,
			);
			path = 5Cfruit;
			sourceTree = "<group>";
		};
		B86E190E1CC1EB0A00A21316 /* 5CfruitTests */ = {
			isa = PBXGroup;
			children = (
				B86E190F1CC1EB0A00A21316 /* _CfruitTests.swift */,
				B86E19111CC1EB0A00A21316 /* Info.plist */,
			);
			path = 5CfruitTests;
			sourceTree = "<group>";
		};
		B86E19191CC1EB0A00A21316 /* 5CfruitUITests */ = {
			isa = PBXGroup;
			children = (
				B86E191A1CC1EB0A00A21316 /* _CfruitUITests.swift */,
				B86E191C1CC1EB0A00A21316 /* Info.plist */,
			);
			path = 5CfruitUITests;
			sourceTree = "<group>";
		};
/* End PBXGroup section */

/* Begin PBXNativeTarget section */
		B86E18F61CC1EB0A00A21316 /* 5Cfruit */ = {
			isa = PBXNativeTarget;
			buildConfigurationList = B86E191F1CC1EB0A00A21316 /* Build configuration list for PBXNativeTarget "5Cfruit" */;
			buildPhases = (
				B86E18F31CC1EB0A00A21316 /* Sources */,
				B86E18F41CC1EB0A00A21316 /* Frameworks */,
				B86E18F51CC1EB0A00A21316 /* Resources */,
			);
			buildRules = (
			);
			dependencies = (
			);
			name = 5Cfruit;
			productName = 5Cfruit;
			productReference = B86E18F71CC1EB0A00A21316 /* 5Cfruit.app */;
			productType = "com.apple.product-type.application";
		};
		B86E190A1CC1EB0A00A21316 /* 5CfruitTests */ = {
			isa = PBXNativeTarget;
			buildConfigurationList = B86E19221CC1EB0A00A21316 /* Build configuration list for PBXNativeTarget "5CfruitTests" */;
			buildPhases = (
				B86E19071CC1EB0A00A21316 /* Sources */,
				B86E19081CC1EB0A00A21316 /* Frameworks */,
				B86E19091CC1EB0A00A21316 /* Resources */,
			);
			buildRules = (
			);
			dependencies = (
				B86E190D1CC1EB0A00A21316 /* PBXTargetDependency */,
			);
			name = 5CfruitTests;
			productName = 5CfruitTests;
			productReference = B86E190B1CC1EB0A00A21316 /* 5CfruitTests.xctest */;
			productType = "com.apple.product-type.bundle.unit-test";
		};
		B86E19151CC1EB0A00A21316 /* 5CfruitUITests */ = {
			isa = PBXNativeTarget;
			buildConfigurationList = B86E19251CC1EB0A00A21316 /* Build configuration list for PBXNativeTarget "5CfruitUITests" */;
			buildPhases = (
				B86E19121CC1EB0A00A21316 /* Sources */,
				B86E19131CC1EB0A00A21316 /* Frameworks */,
				B86E19141CC1EB0A00A21316 /* Resources */,
			);
			buildRules = (
			);
			dependencies = (
				B86E19181CC1EB0A00A21316 /* PBXTargetDependency */,
			);
			name = 5CfruitUITests;
			productName = 5CfruitUITests;
			productReference = B86E19161CC1EB0A00A21316 /* 5CfruitUITests.xctest */;
			productType = "com.apple.product-type.bundle.ui-testing";
		};
/* End PBXNativeTarget section */

/* Begin PBXProject section */
		B86E18EF1CC1EB0A00A21316 /* Project object */ = {
			isa = PBXProject;
			attributes = {
				LastSwiftUpdateCheck = 0720;
				LastUpgradeCheck = 0720;
				ORGANIZATIONNAME = nimotasa;
				TargetAttributes = {
					B86E18F61CC1EB0A00A21316 = {
						CreatedOnToolsVersion = 7.2;
					};
					B86E190A1CC1EB0A00A21316 = {
						CreatedOnToolsVersion = 7.2;
						TestTargetID = B86E18F61CC1EB0A00A21316;
					};
					B86E19151CC1EB0A00A21316 = {
						CreatedOnToolsVersion = 7.2;
						TestTargetID = B86E18F61CC1EB0A00A21316;
					};
				};
			};
			buildConfigurationList = B86E18F21CC1EB0A00A21316 /* Build configuration list for PBXProject "5Cfruit" */;
			compatibilityVersion = "Xcode 3.2";
			developmentRegion = English;
			hasScannedForEncodings = 0;
			knownRegions = (
				en,
				Base,
			);
			mainGroup = B86E18EE1CC1EB0A00A21316;
			productRefGroup = B86E18F81CC1EB0A00A21316 /* Products */;
			projectDirPath = "";
			projectRoot = "";
			targets = (
				B86E18F61CC1EB0A00A21316 /* 5Cfruit */,
				B86E190A1CC1EB0A00A21316 /* 5CfruitTests */,
				B86E19151CC1EB0A00A21316 /* 5CfruitUITests */,
			);
		};
/* End PBXProject section */

/* Begin PBXResourcesBuildPhase section */
		B86E18F51CC1EB0A00A21316 /* Resources */ = {
			isa = PBXResourcesBuildPhase;
			buildActionMask = 2147483647;
			files = (
				B86E19051CC1EB0A00A21316 /* LaunchScreen.storyboard in Resources */,
				B86E19021CC1EB0A00A21316 /* Assets.xcassets in Resources */,
				B86E19001CC1EB0A00A21316 /* Main.storyboard in Resources */,
			);
			runOnlyForDeploymentPostprocessing = 0;
		};
		B86E19091CC1EB0A00A21316 /* Resources */ = {
			isa = PBXResourcesBuildPhase;
			buildActionMask = 2147483647;
			files = (
			);
			runOnlyForDeploymentPostprocessing = 0;
		};
		B86E19141CC1EB0A00A21316 /* Resources */ = {
			isa = PBXResourcesBuildPhase;
			buildActionMask = 2147483647;
			files = (
			);
			runOnlyForDeploymentPostprocessing = 0;
		};
/* End PBXResourcesBuildPhase section */

/* Begin PBXSourcesBuildPhase section */
		B86E18F31CC1EB0A00A21316 /* Sources */ = {
			isa = PBXSourcesBuildPhase;
			buildActionMask = 2147483647;
			files = (
				B86E18FD1CC1EB0A00A21316 /* ViewController.swift in Sources */,
				B86E18FB1CC1EB0A00A21316 /* AppDelegate.swift in Sources */,
			);
			runOnlyForDeploymentPostprocessing = 0;
		};
		B86E19071CC1EB0A00A21316 /* Sources */ = {
			isa = PBXSourcesBuildPhase;
			buildActionMask = 2147483647;
			files = (
				B86E19101CC1EB0A00A21316 /* _CfruitTests.swift in Sources */,
			);
			runOnlyForDeploymentPostprocessing = 0;
		};
		B86E19121CC1EB0A00A21316 /* Sources */ = {
			isa = PBXSourcesBuildPhase;
			buildActionMask = 2147483647;
			files = (
				B86E191B1CC1EB0A00A21316 /* _CfruitUITests.swift in Sources */,
			);
			runOnlyForDeploymentPostprocessing = 0;
		};
/* End PBXSourcesBuildPhase section */

/* Begin PBXTargetDependency section */
		B86E190D1CC1EB0A00A21316 /* PBXTargetDependency */ = {
			isa = PBXTargetDependency;
			target = B86E18F61CC1EB0A00A21316 /* 5Cfruit */;
			targetProxy = B86E190C1CC1EB0A00A21316 /* PBXContainerItemProxy */;
		};
		B86E19181CC1EB0A00A21316 /* PBXTargetDependency */ = {
			isa = PBXTargetDependency;
			target = B86E18F61CC1EB0A00A21316 /* 5Cfruit */;
			targetProxy = B86E19171CC1EB0A00A21316 /* PBXContainerItemProxy */;
		};
/* End PBXTargetDependency section */

/* Begin PBXVariantGroup section */
		B86E18FE1CC1EB0A00A21316 /* Main.storyboard */ = {
			isa = PBXVariantGroup;
			children = (
				B86E18FF1CC1EB0A00A21316 /* Base */,
			);
			name = Main.storyboard;
			sourceTree = "<group>";
		};
		B86E19031CC1EB0A00A21316 /* LaunchScreen.storyboard */ = {
			isa = PBXVariantGroup;
			children = (
				B86E19041CC1EB0A00A21316 /* Base */,
			);
			name = LaunchScreen.storyboard;
			sourceTree = "<group>";
		};
/* End PBXVariantGroup section */

/* Begin XCBuildConfiguration section */
		B86E191D1CC1EB0A00A21316 /* Debug */ = {
			isa = XCBuildConfiguration;
			buildSettings = {
				ALWAYS_SEARCH_USER_PATHS = NO;
				CLANG_CXX_LANGUAGE_STANDARD = "gnu++0x";
				CLANG_CXX_LIBRARY = "libc++";
				CLANG_ENABLE_MODULES = YES;
				CLANG_ENABLE_OBJC_ARC = YES;
				CLANG_WARN_BOOL_CONVERSION = YES;
				CLANG_WARN_CONSTANT_CONVERSION = YES;
				CLANG_WARN_DIRECT_OBJC_ISA_USAGE = YES_ERROR;
				CLANG_WARN_EMPTY_BODY = YES;
				CLANG_WARN_ENUM_CONVERSION = YES;
				CLANG_WARN_INT_CONVERSION = YES;
				CLANG_WARN_OBJC_ROOT_CLASS = YES_ERROR;
				CLANG_WARN_UNREACHABLE_CODE = YES;
				CLANG_WARN__DUPLICATE_METHOD_MATCH = YES;
				"CODE_SIGN_IDENTITY[sdk=iphoneos*]" = "iPhone Developer";
				COPY_PHASE_STRIP = NO;
				DEBUG_INFORMATION_FORMAT = dwarf;
				ENABLE_STRICT_OBJC_MSGSEND = YES;
				ENABLE_TESTABILITY = YES;
				GCC_C_LANGUAGE_STANDARD = gnu99;
				GCC_DYNAMIC_NO_PIC = NO;
				GCC_NO_COMMON_BLOCKS = YES;
				GCC_OPTIMIZATION_LEVEL = 0;
				GCC_PREPROCESSOR_DEFINITIONS = (
					"DEBUG=1",
					"$(inherited)",
				);
				GCC_WARN_64_TO_32_BIT_CONVERSION = YES;
				GCC_WARN_ABOUT_RETURN_TYPE = YES_ERROR;
				GCC_WARN_UNDECLARED_SELECTOR = YES;
				GCC_WARN_UNINITIALIZED_AUTOS = YES_AGGRESSIVE;
				GCC_WARN_UNUSED_FUNCTION = YES;
				GCC_WARN_UNUSED_VARIABLE = YES;
				IPHONEOS_DEPLOYMENT_TARGET = 9.2;
				MTL_ENABLE_DEBUG_INFO = YES;
				ONLY_ACTIVE_ARCH = YES;
				SDKROOT = iphoneos;
				SWIFT_OPTIMIZATION_LEVEL = "-Onone";
				TARGETED_DEVICE_FAMILY = "1,2";
			};
			name = Debug;
		};
		B86E191E1CC1EB0A00A21316 /* Release */ = {
			isa = XCBuildConfiguration;
			buildSettings = {
				ALWAYS_SEARCH_USER_PATHS = NO;
				CLANG_CXX_LANGUAGE_STANDARD = "gnu++0x";
				CLANG_CXX_LIBRARY = "libc++";
				CLANG_ENABLE_MODULES = YES;
				CLANG_ENABLE_OBJC_ARC = YES;
				CLANG_WARN_BOOL_CONVERSION = YES;
				CLANG_WARN_CONSTANT_CONVERSION = YES;
				CLANG_WARN_DIRECT_OBJC_ISA_USAGE = YES_ERROR;
				CLANG_WARN_EMPTY_BODY = YES;
				CLANG_WARN_ENUM_CONVERSION = YES;
				CLANG_WARN_INT_CONVERSION = YES;
				CLANG_WARN_OBJC_ROOT_CLASS = YES_ERROR;
				CLANG_WARN_UNREACHABLE_CODE = YES;
				CLANG_WARN__DUPLICATE_METHOD_MATCH = YES;
				"CODE_SIGN_IDENTITY[sdk=iphoneos*]" = "iPhone Developer";
				COPY_PHASE_STRIP = NO;
				DEBUG_INFORMATION_FORMAT = "dwarf-with-dsym";
				ENABLE_NS_ASSERTIONS = NO;
				ENABLE_STRICT_OBJC_MSGSEND = YES;
				GCC_C_LANGUAGE_STANDARD = gnu99;
				GCC_NO_COMMON_BLOCKS = YES;
				GCC_WARN_64_TO_32_BIT_CONVERSION = YES;
				GCC_WARN_ABOUT_RETURN_TYPE = YES_ERROR;
				GCC_WARN_UNDECLARED_SELECTOR = YES;
				GCC_WARN_UNINITIALIZED_AUTOS = YES_AGGRESSIVE;
				GCC_WARN_UNUSED_FUNCTION = YES;
				GCC_WARN_UNUSED_VARIABLE = YES;
				IPHONEOS_DEPLOYMENT_TARGET = 9.2;
				MTL_ENABLE_DEBUG_INFO = NO;
				SDKROOT = iphoneos;
				TARGETED_DEVICE_FAMILY = "1,2";
				VALIDATE_PRODUCT = YES;
			};
			name = Release;
		};
		B86E19201CC1EB0A00A21316 /* Debug */ = {
			isa = XCBuildConfiguration;
			buildSettings = {
				ASSETCATALOG_COMPILER_APPICON_NAME = AppIcon;
				INFOPLIST_FILE = 5Cfruit/Info.plist;
				LD_RUNPATH_SEARCH_PATHS = "$(inherited) @executable_path/Frameworks";
				PRODUCT_BUNDLE_IDENTIFIER = "nimotasa.-Cfruit";
				PRODUCT_NAME = "$(TARGET_NAME)";
			};
			name = Debug;
		};
		B86E19211CC1EB0A00A21316 /* Release */ = {
			isa = XCBuildConfiguration;
			buildSettings = {
				ASSETCATALOG_COMPILER_APPICON_NAME = AppIcon;
				INFOPLIST_FILE = 5Cfruit/Info.plist;
				LD_RUNPATH_SEARCH_PATHS = "$(inherited) @executable_path/Frameworks";
				PRODUCT_BUNDLE_IDENTIFIER = "nimotasa.-Cfruit";
				PRODUCT_NAME = "$(TARGET_NAME)";
			};
			name = Release;
		};
		B86E19231CC1EB0A00A21316 /* Debug */ = {
			isa = XCBuildConfiguration;
			buildSettings = {
				BUNDLE_LOADER = "$(TEST_HOST)";
				INFOPLIST_FILE = 5CfruitTests/Info.plist;
				LD_RUNPATH_SEARCH_PATHS = "$(inherited) @executable_path/Frameworks @loader_path/Frameworks";
				PRODUCT_BUNDLE_IDENTIFIER = "nimotasa.-CfruitTests";
				PRODUCT_NAME = "$(TARGET_NAME)";
				TEST_HOST = "$(BUILT_PRODUCTS_DIR)/5Cfruit.app/5Cfruit";
			};
			name = Debug;
		};
		B86E19241CC1EB0A00A21316 /* Release */ = {
			isa = XCBuildConfiguration;
			buildSettings = {
				BUNDLE_LOADER = "$(TEST_HOST)";
				INFOPLIST_FILE = 5CfruitTests/Info.plist;
				LD_RUNPATH_SEARCH_PATHS = "$(inherited) @executable_path/Frameworks @loader_path/Frameworks";
				PRODUCT_BUNDLE_IDENTIFIER = "nimotasa.-CfruitTests";
				PRODUCT_NAME = "$(TARGET_NAME)";
				TEST_HOST = "$(BUILT_PRODUCTS_DIR)/5Cfruit.app/5Cfruit";
			};
			name = Release;
		};
		B86E19261CC1EB0A00A21316 /* Debug */ = {
			isa = XCBuildConfiguration;
			buildSettings = {
				INFOPLIST_FILE = 5CfruitUITests/Info.plist;
				LD_RUNPATH_SEARCH_PATHS = "$(inherited) @executable_path/Frameworks @loader_path/Frameworks";
				PRODUCT_BUNDLE_IDENTIFIER = "nimotasa.-CfruitUITests";
				PRODUCT_NAME = "$(TARGET_NAME)";
				TEST_TARGET_NAME = 5Cfruit;
				USES_XCTRUNNER = YES;
			};
			name = Debug;
		};
		B86E19271CC1EB0A00A21316 /* Release */ = {
			isa = XCBuildConfiguration;
			buildSettings = {
				INFOPLIST_FILE = 5CfruitUITests/Info.plist;
				LD_RUNPATH_SEARCH_PATHS = "$(inherited) @executable_path/Frameworks @loader_path/Frameworks";
				PRODUCT_BUNDLE_IDENTIFIER = "nimotasa.-CfruitUITests";
				PRODUCT_NAME = "$(TARGET_NAME)";
				TEST_TARGET_NAME = 5Cfruit;
				USES_XCTRUNNER = YES;
			};
			name = Release;
		};
/* End XCBuildConfiguration section */

/* Begin XCConfigurationList section */
		B86E18F21CC1EB0A00A21316 /* Build configuration list for PBXProject "5Cfruit" */ = {
			isa = XCConfigurationList;
			buildConfigurations = (
				B86E191D1CC1EB0A00A21316 /* Debug */,
				B86E191E1CC1EB0A00A21316 /* Release */,
			);
			defaultConfigurationIsVisible = 0;
			defaultConfigurationName = Release;
		};
		B86E191F1CC1EB0A00A21316 /* Build configuration list for PBXNativeTarget "5Cfruit" */ = {
			isa = XCConfigurationList;
			buildConfigurations = (
				B86E19201CC1EB0A00A21316 /* Debug */,
				B86E19211CC1EB0A00A21316 /* Release */,
			);
			defaultConfigurationIsVisible = 0;
		};
		B86E19221CC1EB0A00A21316 /* Build configuration list for PBXNativeTarget "5CfruitTests" */ = {
			isa = XCConfigurationList;
			buildConfigurations = (
				B86E19231CC1EB0A00A21316 /* Debug */,
				B86E19241CC1EB0A00A21316 /* Release */,
			);
			defaultConfigurationIsVisible = 0;
		};
		B86E19251CC1EB0A00A21316 /* Build configuration list for PBXNativeTarget "5CfruitUITests" */ = {
			isa = XCConfigurationList;
			buildConfigurations = (
				B86E19261CC1EB0A00A21316 /* Debug */,
				B86E19271CC1EB0A00A21316 /* Release */,
			);
			defaultConfigurationIsVisible = 0;
		};
/* End XCConfigurationList section */
	};
	rootObject = B86E18EF1CC1EB0A00A21316 /* Project object */;
}
